{
    "_readme": [
        "This file locks the dependencies of your project to a known state",
        "Read more about it at https://getcomposer.org/doc/01-basic-usage.md#installing-dependencies",
        "This file is @generated automatically"
    ],
    "content-hash": "947d20c4cfc0022b4071bcef826c3aae",
    "packages": [
        {
            "name": "acrosswp/acrosswp-about-us",
            "version": "dev-main",
            "source": {
                "type": "git",
                "url": "https://github.com/acrosswp/acrosswp-about-us.git",
                "reference": "876cf303d5fbfbff675b383caaecf07f23550228"
            },
            "dist": {
                "type": "zip",
                "url": "https://api.github.com/repos/acrosswp/acrosswp-about-us/zipball/876cf303d5fbfbff675b383caaecf07f23550228",
                "reference": "876cf303d5fbfbff675b383caaecf07f23550228",
                "shasum": ""
            },
            "default-branch": true,
            "type": "library",
            "autoload": {
                "files": [
                    "acrosswp-menu.php"
                ]
            },
            "notification-url": "https://packagist.org/downloads/",
            "license": [
                "GPL-2.0-or-later"
            ],
            "authors": [
                {
                    "name": "acrosswp",
                    "email": "contant@acrosswp.com"
                }
            ],
            "description": "Composer to autoload the AcrossWP Admin Dashboard Main Menu",
            "homepage": "https://acrosswp.com/",
            "keywords": [
                "plugin",
                "wordpress"
            ],
            "support": {
                "issues": "https://github.com/acrosswp/acrosswp-about-us/issues",
                "source": "https://github.com/acrosswp/acrosswp-about-us/tree/main"
            },
            "time": "2023-10-07T07:29:06+00:00"
        }
    ],
    "packages-dev": [],
    "aliases": [],
    "minimum-stability": "stable",
    "stability-flags": {
        "acrosswp/acrosswp-about-us": 20
    },
    "prefer-stable": false,
    "prefer-lowest": false,
    "platform": [],
    "platform-dev": [],
    "plugin-api-version": "2.3.0"
}
